// !$*UTF8*$!
{
	archiveVersion = 1;
	classes = {
	};
	objectVersion = 46;
	objects = {

/* Begin PBXBuildFile section */
		C963520C1B30780C001560EB /* main.m in Sources */ = {isa = PBXBuildFile; fileRef = C963520B1B30780C001560EB /* main.m */; };
		C963520F1B30780C001560EB /* AppDelegate.m in Sources */ = {isa = PBXBuildFile; fileRef = C963520E1B30780C001560EB /* AppDelegate.m */; };
		C96352171B30780C001560EB /* Assets.xcassets in Resources */ = {isa = PBXBuildFile; fileRef = C96352161B30780C001560EB /* Assets.xcassets */; };
		C96352251B30780C001560EB /* ________Tests.m in Sources */ = {isa = PBXBuildFile; fileRef = C96352241B30780C001560EB /* ________Tests.m */; };
		C96352301B30780C001560EB /* ________UITests.m in Sources */ = {isa = PBXBuildFile; fileRef = C963522F1B30780C001560EB /* ________UITests.m */; };
		C963523F1B307D04001560EB /* OneViewController.m in Sources */ = {isa = PBXBuildFile; fileRef = C963523E1B307D04001560EB /* OneViewController.m */; };
		C96352421B307EC5001560EB /* TowViewController.m in Sources */ = {isa = PBXBuildFile; fileRef = C96352411B307EC5001560EB /* TowViewController.m */; };
		C96352441B309282001560EB /* Storyboard.storyboard in Resources */ = {isa = PBXBuildFile; fileRef = C96352431B309282001560EB /* Storyboard.storyboard */; };
/* End PBXBuildFile section */

/* Begin PBXContainerItemProxy section */
		C96352211B30780C001560EB /* PBXContainerItemProxy */ = {
			isa = PBXContainerItemProxy;
			containerPortal = C96351FF1B30780C001560EB /* Project object */;
			proxyType = 1;
			remoteGlobalIDString = C96352061B30780C001560EB;
			remoteInfo = "控制器的创建方式";
		};
		C963522C1B30780C001560EB /* PBXContainerItemProxy */ = {
			isa = PBXContainerItemProxy;
			containerPortal = C96351FF1B30780C001560EB /* Project object */;
			proxyType = 1;
			remoteGlobalIDString = C96352061B30780C001560EB;
			remoteInfo = "控制器的创建方式";
		};
/* End PBXContainerItemProxy section */

/* Begin PBXFileReference section */
		C96352071B30780C001560EB /* 控制器的创建方式.app */ = {isa = PBXFileReference; explicitFileType = wrapper.application; includeInIndex = 0; path = "控制器的创建方式.app"; sourceTree = BUILT_PRODUCTS_DIR; };
		C963520B1B30780C001560EB /* main.m */ = {isa = PBXFileReference; lastKnownFileType = sourcecode.c.objc; path = main.m; sourceTree = "<group>"; };
		C963520D1B30780C001560EB /* AppDelegate.h */ = {isa = PBXFileReference; lastKnownFileType = sourcecode.c.h; path = AppDelegate.h; sourceTree = "<group>"; };
		C963520E1B30780C001560EB /* AppDelegate.m */ = {isa = PBXFileReference; lastKnownFileType = sourcecode.c.objc; path = AppDelegate.m; sourceTree = "<group>"; };
		C96352161B30780C001560EB /* Assets.xcassets */ = {isa = PBXFileReference; lastKnownFileType = folder.assetcatalog; path = Assets.xcassets; sourceTree = "<group>"; };
		C963521B1B30780C001560EB /* Info.plist */ = {isa = PBXFileReference; lastKnownFileType = text.plist.xml; path = Info.plist; sourceTree = "<group>"; };
		C96352201B30780C001560EB /* 控制器的创建方式Tests.xctest */ = {isa = PBXFileReference; explicitFileType = wrapper.cfbundle; includeInIndex = 0; path = "控制器的创建方式Tests.xctest"; sourceTree = BUILT_PRODUCTS_DIR; };
		C96352241B30780C001560EB /* ________Tests.m */ = {isa = PBXFileReference; lastKnownFileType = sourcecode.c.objc; path = "________Tests.m"; sourceTree = "<group>"; };
		C96352261B30780C001560EB /* Info.plist */ = {isa = PBXFileReference; lastKnownFileType = text.plist.xml; path = Info.plist; sourceTree = "<group>"; };
		C963522B1B30780C001560EB /* 控制器的创建方式UITests.xctest */ = {isa = PBXFileReference; explicitFileType = wrapper.cfbundle; includeInIndex = 0; path = "控制器的创建方式UITests.xctest"; sourceTree = BUILT_PRODUCTS_DIR; };
		C963522F1B30780C001560EB /* ________UITests.m */ = {isa = PBXFileReference; lastKnownFileType = sourcecode.c.objc; path = "________UITests.m"; sourceTree = "<group>"; };
		C96352311B30780C001560EB /* Info.plist */ = {isa = PBXFileReference; lastKnownFileType = text.plist.xml; path = Info.plist; sourceTree = "<group>"; };
		C963523D1B307D04001560EB /* OneViewController.h */ = {isa = PBXFileReference; fileEncoding = 4; lastKnownFileType = sourcecode.c.h; path = OneViewController.h; sourceTree = "<group>"; };
		C963523E1B307D04001560EB /* OneViewController.m */ = {isa = PBXFileReference; fileEncoding = 4; lastKnownFileType = sourcecode.c.objc; path = OneViewController.m; sourceTree = "<group>"; };
		C96352401B307EC5001560EB /* TowViewController.h */ = {isa = PBXFileReference; fileEncoding = 4; lastKnownFileType = sourcecode.c.h; path = TowViewController.h; sourceTree = "<group>"; };
		C96352411B307EC5001560EB /* TowViewController.m */ = {isa = PBXFileReference; fileEncoding = 4; lastKnownFileType = sourcecode.c.objc; path = TowViewController.m; sourceTree = "<group>"; };
		C96352431B309282001560EB /* Storyboard.storyboard */ = {isa = PBXFileReference; fileEncoding = 4; lastKnownFileType = file.storyboard; path = Storyboard.storyboard; sourceTree = "<group>"; };
/* End PBXFileReference section */

/* Begin PBXFrameworksBuildPhase section */
		C96352041B30780C001560EB /* Frameworks */ = {
			isa = PBXFrameworksBuildPhase;
			buildActionMask = 2147483647;
			files = (
			);
			runOnlyForDeploymentPostprocessing = 0;
		};
		C963521D1B30780C001560EB /* Frameworks */ = {
			isa = PBXFrameworksBuildPhase;
			buildActionMask = 2147483647;
			files = (
			);
			runOnlyForDeploymentPostprocessing = 0;
		};
		C96352281B30780C001560EB /* Frameworks */ = {
			isa = PBXFrameworksBuildPhase;
			buildActionMask = 2147483647;
			files = (
			);
			runOnlyForDeploymentPostprocessing = 0;
		};
/* End PBXFrameworksBuildPhase section */

/* Begin PBXGroup section */
		C96351FE1B30780C001560EB = {
			isa = PBXGroup;
			children = (
				C96352091B30780C001560EB /* 控制器的创建方式 */,
				C96352231B30780C001560EB /* 控制器的创建方式Tests */,
				C963522E1B30780C001560EB /* 控制器的创建方式UITests */,
				C96352081B30780C001560EB /* Products */,
			);
			sourceTree = "<group>";
		};
		C96352081B30780C001560EB /* Products */ = {
			isa = PBXGroup;
			children = (
				C96352071B30780C001560EB /* 控制器的创建方式.app */,
				C96352201B30780C001560EB /* 控制器的创建方式Tests.xctest */,
				C963522B1B30780C001560EB /* 控制器的创建方式UITests.xctest */,
			);
			name = Products;
			sourceTree = "<group>";
		};
		C96352091B30780C001560EB /* 控制器的创建方式 */ = {
			isa = PBXGroup;
			children = (
				C963520D1B30780C001560EB /* AppDelegate.h */,
				C963520E1B30780C001560EB /* AppDelegate.m */,
				C96352161B30780C001560EB /* Assets.xcassets */,
				C96352431B309282001560EB /* Storyboard.storyboard */,
				C963521B1B30780C001560EB /* Info.plist */,
				C963523D1B307D04001560EB /* OneViewController.h */,
				C963523E1B307D04001560EB /* OneViewController.m */,
				C96352401B307EC5001560EB /* TowViewController.h */,
				C96352411B307EC5001560EB /* TowViewController.m */,
				C963520A1B30780C001560EB /* Supporting Files */,
			);
			path = "控制器的创建方式";
			sourceTree = "<group>";
		};
		C963520A1B30780C001560EB /* Supporting Files */ = {
			isa = PBXGroup;
			children = (
				C963520B1B30780C001560EB /* main.m */,
			);
			name = "Supporting Files";
			sourceTree = "<group>";
		};
		C96352231B30780C001560EB /* 控制器的创建方式Tests */ = {
			isa = PBXGroup;
			children = (
				C96352241B30780C001560EB /* ________Tests.m */,
				C96352261B30780C001560EB /* Info.plist */,
			);
			path = "控制器的创建方式Tests";
			sourceTree = "<group>";
		};
		C963522E1B30780C001560EB /* 控制器的创建方式UITests */ = {
			isa = PBXGroup;
			children = (
				C963522F1B30780C001560EB /* ________UITests.m */,
				C96352311B30780C001560EB /* Info.plist */,
			);
			path = "控制器的创建方式UITests";
			sourceTree = "<group>";
		};
/* End PBXGroup section */

/* Begin PBXNativeTarget section */
		C96352061B30780C001560EB /* 控制器的创建方式 */ = {
			isa = PBXNativeTarget;
			buildConfigurationList = C96352341B30780C001560EB /* Build configuration list for PBXNativeTarget "控制器的创建方式" */;
			buildPhases = (
				C96352031B30780C001560EB /* Sources */,
				C96352041B30780C001560EB /* Frameworks */,
				C96352051B30780C001560EB /* Resources */,
			);
			buildRules = (
			);
			dependencies = (
			);
			name = "控制器的创建方式";
			productName = "控制器的创建方式";
			productReference = C96352071B30780C001560EB /* 控制器的创建方式.app */;
			productType = "com.apple.product-type.application";
		};
		C963521F1B30780C001560EB /* 控制器的创建方式Tests */ = {
			isa = PBXNativeTarget;
			buildConfigurationList = C96352371B30780C001560EB /* Build configuration list for PBXNativeTarget "控制器的创建方式Tests" */;
			buildPhases = (
				C963521C1B30780C001560EB /* Sources */,
				C963521D1B30780C001560EB /* Frameworks */,
				C963521E1B30780C001560EB /* Resources */,
			);
			buildRules = (
			);
			dependencies = (
				C96352221B30780C001560EB /* PBXTargetDependency */,
			);
			name = "控制器的创建方式Tests";
			productName = "控制器的创建方式Tests";
			productReference = C96352201B30780C001560EB /* 控制器的创建方式Tests.xctest */;
			productType = "com.apple.product-type.bundle.unit-test";
		};
		C963522A1B30780C001560EB /* 控制器的创建方式UITests */ = {
			isa = PBXNativeTarget;
			buildConfigurationList = C963523A1B30780C001560EB /* Build configuration list for PBXNativeTarget "控制器的创建方式UITests" */;
			buildPhases = (
				C96352271B30780C001560EB /* Sources */,
				C96352281B30780C001560EB /* Frameworks */,
				C96352291B30780C001560EB /* Resources */,
			);
			buildRules = (
			);
			dependencies = (
				C963522D1B30780C001560EB /* PBXTargetDependency */,
			);
			name = "控制器的创建方式UITests";
			productName = "控制器的创建方式UITests";
			productReference = C963522B1B30780C001560EB /* 控制器的创建方式UITests.xctest */;
			productType = "com.apple.product-type.bundle.ui-testing";
		};
/* End PBXNativeTarget section */

/* Begin PBXProject section */
		C96351FF1B30780C001560EB /* Project object */ = {
			isa = PBXProject;
			attributes = {
				LastUpgradeCheck = 0700;
				ORGANIZATIONNAME = lw;
				TargetAttributes = {
					C96352061B30780C001560EB = {
						CreatedOnToolsVersion = 7.0;
					};
					C963521F1B30780C001560EB = {
						CreatedOnToolsVersion = 7.0;
						TestTargetID = C96352061B30780C001560EB;
					};
					C963522A1B30780C001560EB = {
						CreatedOnToolsVersion = 7.0;
						TestTargetID = C96352061B30780C001560EB;
					};
				};
			};
			buildConfigurationList = C96352021B30780C001560EB /* Build configuration list for PBXProject "控制器的创建方式" */;
			compatibilityVersion = "Xcode 3.2";
			developmentRegion = English;
			hasScannedForEncodings = 0;
			knownRegions = (
				en,
				Base,
			);
			mainGroup = C96351FE1B30780C001560EB;
			productRefGroup = C96352081B30780C001560EB /* Products */;
			projectDirPath = "";
			projectRoot = "";
			targets = (
				C96352061B30780C001560EB /* 控制器的创建方式 */,
				C963521F1B30780C001560EB /* 控制器的创建方式Tests */,
				C963522A1B30780C001560EB /* 控制器的创建方式UITests */,
			);
		};
/* End PBXProject section */

/* Begin PBXResourcesBuildPhase section */
		C96352051B30780C001560EB /* Resources */ = {
			isa = PBXResourcesBuildPhase;
			buildActionMask = 2147483647;
			files = (
				C96352171B30780C001560EB /* Assets.xcassets in Resources */,
				C96352441B309282001560EB /* Storyboard.storyboard in Resources */,
			);
			runOnlyForDeploymentPostprocessing = 0;
		};
		C963521E1B30780C001560EB /* Resources */ = {
			isa = PBXResourcesBuildPhase;
			buildActionMask = 2147483647;
			files = (
			);
			runOnlyForDeploymentPostprocessing = 0;
		};
		C96352291B30780C001560EB /* Resources */ = {
			isa = PBXResourcesBuildPhase;
			buildActionMask = 2147483647;
			files = (
			);
			runOnlyForDeploymentPostprocessing = 0;
		};
/* End PBXResourcesBuildPhase section */

/* Begin PBXSourcesBuildPhase section */
		C96352031B30780C001560EB /* Sources */ = {
			isa = PBXSourcesBuildPhase;
			buildActionMask = 2147483647;
			files = (
				C963523F1B307D04001560EB /* OneViewController.m in Sources */,
				C963520F1B30780C001560EB /* AppDelegate.m in Sources */,
				C963520C1B30780C001560EB /* main.m in Sources */,
				C96352421B307EC5001560EB /* TowViewController.m in Sources */,
			);
			runOnlyForDeploymentPostprocessing = 0;
		};
		C963521C1B30780C001560EB /* Sources */ = {
			isa = PBXSourcesBuildPhase;
			buildActionMask = 2147483647;
			files = (
				C96352251B30780C001560EB /* ________Tests.m in Sources */,
			);
			runOnlyForDeploymentPostprocessing = 0;
		};
		C96352271B30780C001560EB /* Sources */ = {
			isa = PBXSourcesBuildPhase;
			buildActionMask = 2147483647;
			files = (
				C96352301B30780C001560EB /* ________UITests.m in Sources */,
			);
			runOnlyForDeploymentPostprocessing = 0;
		};
/* End PBXSourcesBuildPhase section */

/* Begin PBXTargetDependency section */
		C96352221B30780C001560EB /* PBXTargetDependency */ = {
			isa = PBXTargetDependency;
			target = C96352061B30780C001560EB /* 控制器的创建方式 */;
			targetProxy = C96352211B30780C001560EB /* PBXContainerItemProxy */;
		};
		C963522D1B30780C001560EB /* PBXTargetDependency */ = {
			isa = PBXTargetDependency;
			target = C96352061B30780C001560EB /* 控制器的创建方式 */;
			targetProxy = C963522C1B30780C001560EB /* PBXContainerItemProxy */;
		};
/* End PBXTargetDependency section */

/* Begin XCBuildConfiguration section */
		C96352321B30780C001560EB /* Debug */ = {
			isa = XCBuildConfiguration;
			buildSettings = {
				ALWAYS_SEARCH_USER_PATHS = NO;
				CLANG_CXX_LANGUAGE_STANDARD = "gnu++0x";
				CLANG_CXX_LIBRARY = "libc++";
				CLANG_ENABLE_MODULES = YES;
				CLANG_ENABLE_OBJC_ARC = YES;
				CLANG_WARN_BOOL_CONVERSION = YES;
				CLANG_WARN_CONSTANT_CONVERSION = YES;
				CLANG_WARN_DIRECT_OBJC_ISA_USAGE = YES_ERROR;
				CLANG_WARN_EMPTY_BODY = YES;
				CLANG_WARN_ENUM_CONVERSION = YES;
				CLANG_WARN_INT_CONVERSION = YES;
				CLANG_WARN_OBJC_ROOT_CLASS = YES_ERROR;
				CLANG_WARN_UNREACHABLE_CODE = YES;
				CLANG_WARN__DUPLICATE_METHOD_MATCH = YES;
				"CODE_SIGN_IDENTITY[sdk=iphoneos*]" = "iPhone Developer";
				COPY_PHASE_STRIP = NO;
				DEBUG_INFORMATION_FORMAT = dwarf;
				ENABLE_STRICT_OBJC_MSGSEND = YES;
				ENABLE_TESTABILITY = YES;
				GCC_C_LANGUAGE_STANDARD = gnu99;
				GCC_DYNAMIC_NO_PIC = NO;
				GCC_NO_COMMON_BLOCKS = YES;
				GCC_OPTIMIZATION_LEVEL = 0;
				GCC_PREPROCESSOR_DEFINITIONS = (
					"DEBUG=1",
					"$(inherited)",
				);
				GCC_WARN_64_TO_32_BIT_CONVERSION = YES;
				GCC_WARN_ABOUT_RETURN_TYPE = YES_ERROR;
				GCC_WARN_UNDECLARED_SELECTOR = YES;
				GCC_WARN_UNINITIALIZED_AUTOS = YES_AGGRESSIVE;
				GCC_WARN_UNUSED_FUNCTION = YES;
				GCC_WARN_UNUSED_VARIABLE = YES;
				IPHONEOS_DEPLOYMENT_TARGET = 9.0;
				MTL_ENABLE_DEBUG_INFO = YES;
				ONLY_ACTIVE_ARCH = YES;
				SDKROOT = iphoneos;
				TARGETED_DEVICE_FAMILY = "1,2";
			};
			name = Debug;
		};
		C96352331B30780C001560EB /* Release */ = {
			isa = XCBuildConfiguration;
			buildSettings = {
				ALWAYS_SEARCH_USER_PATHS = NO;
				CLANG_CXX_LANGUAGE_STANDARD = "gnu++0x";
				CLANG_CXX_LIBRARY = "libc++";
				CLANG_ENABLE_MODULES = YES;
				CLANG_ENABLE_OBJC_ARC = YES;
				CLANG_WARN_BOOL_CONVERSION = YES;
				CLANG_WARN_CONSTANT_CONVERSION = YES;
				CLANG_WARN_DIRECT_OBJC_ISA_USAGE = YES_ERROR;
				CLANG_WARN_EMPTY_BODY = YES;
				CLANG_WARN_ENUM_CONVERSION = YES;
				CLANG_WARN_INT_CONVERSION = YES;
				CLANG_WARN_OBJC_ROOT_CLASS = YES_ERROR;
				CLANG_WARN_UNREACHABLE_CODE = YES;
				CLANG_WARN__DUPLICATE_METHOD_MATCH = YES;
				"CODE_SIGN_IDENTITY[sdk=iphoneos*]" = "iPhone Developer";
				COPY_PHASE_STRIP = NO;
				DEBUG_INFORMATION_FORMAT = "dwarf-with-dsym";
				ENABLE_NS_ASSERTIONS = NO;
				ENABLE_STRICT_OBJC_MSGSEND = YES;
				GCC_C_LANGUAGE_STANDARD = gnu99;
				GCC_NO_COMMON_BLOCKS = YES;
				GCC_WARN_64_TO_32_BIT_CONVERSION = YES;
				GCC_WARN_ABOUT_RETURN_TYPE = YES_ERROR;
				GCC_WARN_UNDECLARED_SELECTOR = YES;
				GCC_WARN_UNINITIALIZED_AUTOS = YES_AGGRESSIVE;
				GCC_WARN_UNUSED_FUNCTION = YES;
				GCC_WARN_UNUSED_VARIABLE = YES;
				IPHONEOS_DEPLOYMENT_TARGET = 9.0;
				MTL_ENABLE_DEBUG_INFO = NO;
				SDKROOT = iphoneos;
				TARGETED_DEVICE_FAMILY = "1,2";
				VALIDATE_PRODUCT = YES;
			};
			name = Release;
		};
		C96352351B30780C001560EB /* Debug */ = {
			isa = XCBuildConfiguration;
			buildSettings = {
				ASSETCATALOG_COMPILER_APPICON_NAME = AppIcon;
				INFOPLIST_FILE = "控制器的创建方式/Info.plist";
				LD_RUNPATH_SEARCH_PATHS = "$(inherited) @executable_path/Frameworks";
				PRODUCT_BUNDLE_IDENTIFIER = "cn.itcast.--------";
				PRODUCT_NAME = "$(TARGET_NAME)";
				TARGETED_DEVICE_FAMILY = "1,2";
			};
			name = Debug;
		};
		C96352361B30780C001560EB /* Release */ = {
			isa = XCBuildConfiguration;
			buildSettings = {
				ASSETCATALOG_COMPILER_APPICON_NAME = AppIcon;
				INFOPLIST_FILE = "控制器的创建方式/Info.plist";
				LD_RUNPATH_SEARCH_PATHS = "$(inherited) @executable_path/Frameworks";
				PRODUCT_BUNDLE_IDENTIFIER = "cn.itcast.--------";
				PRODUCT_NAME = "$(TARGET_NAME)";
				TARGETED_DEVICE_FAMILY = "1,2";
			};
			name = Release;
		};
		C96352381B30780C001560EB /* Debug */ = {
			isa = XCBuildConfiguration;
			buildSettings = {
				BUNDLE_LOADER = "$(TEST_HOST)";
				INFOPLIST_FILE = "控制器的创建方式Tests/Info.plist";
				LD_RUNPATH_SEARCH_PATHS = "$(inherited) @executable_path/Frameworks @loader_path/Frameworks";
				PRODUCT_BUNDLE_IDENTIFIER = "cn.itcast.--------Tests";
				PRODUCT_NAME = "$(TARGET_NAME)";
				TEST_HOST = "$(BUILT_PRODUCTS_DIR)/控制器的创建方式.app/控制器的创建方式";
			};
			name = Debug;
		};
		C96352391B30780C001560EB /* Release */ = {
			isa = XCBuildConfiguration;
			buildSettings = {
				BUNDLE_LOADER = "$(TEST_HOST)";
				INFOPLIST_FILE = "控制器的创建方式Tests/Info.plist";
				LD_RUNPATH_SEARCH_PATHS = "$(inherited) @executable_path/Frameworks @loader_path/Frameworks";
				PRODUCT_BUNDLE_IDENTIFIER = "cn.itcast.--------Tests";
				PRODUCT_NAME = "$(TARGET_NAME)";
				TEST_HOST = "$(BUILT_PRODUCTS_DIR)/控制器的创建方式.app/控制器的创建方式";
			};
			name = Release;
		};
		C963523B1B30780C001560EB /* Debug */ = {
			isa = XCBuildConfiguration;
			buildSettings = {
				INFOPLIST_FILE = "控制器的创建方式UITests/Info.plist";
				LD_RUNPATH_SEARCH_PATHS = "$(inherited) @executable_path/Frameworks @loader_path/Frameworks";
				PRODUCT_BUNDLE_IDENTIFIER = "cn.itcast.--------UITests";
				PRODUCT_NAME = "$(TARGET_NAME)";
				TEST_TARGET_NAME = "控制器的创建方式";
				USES_XCTRUNNER = YES;
			};
			name = Debug;
		};
		C963523C1B30780C001560EB /* Release */ = {
			isa = XCBuildConfiguration;
			buildSettings = {
				INFOPLIST_FILE = "控制器的创建方式UITests/Info.plist";
				LD_RUNPATH_SEARCH_PATHS = "$(inherited) @executable_path/Frameworks @loader_path/Frameworks";
				PRODUCT_BUNDLE_IDENTIFIER = "cn.itcast.--------UITests";
				PRODUCT_NAME = "$(TARGET_NAME)";
				TEST_TARGET_NAME = "控制器的创建方式";
				USES_XCTRUNNER = YES;
			};
			name = Release;
		};
/* End XCBuildConfiguration section */

/* Begin XCConfigurationList section */
		C96352021B30780C001560EB /* Build configuration list for PBXProject "控制器的创建方式" */ = {
			isa = XCConfigurationList;
			buildConfigurations = (
				C96352321B30780C001560EB /* Debug */,
				C96352331B30780C001560EB /* Release */,
			);
			defaultConfigurationIsVisible = 0;
			defaultConfigurationName = Release;
		};
		C96352341B30780C001560EB /* Build configuration list for PBXNativeTarget "控制器的创建方式" */ = {
			isa = XCConfigurationList;
			buildConfigurations = (
				C96352351B30780C001560EB /* Debug */,
				C96352361B30780C001560EB /* Release */,
			);
			defaultConfigurationIsVisible = 0;
		};
		C96352371B30780C001560EB /* Build configuration list for PBXNativeTarget "控制器的创建方式Tests" */ = {
			isa = XCConfigurationList;
			buildConfigurations = (
				C96352381B30780C001560EB /* Debug */,
				C96352391B30780C001560EB /* Release */,
			);
			defaultConfigurationIsVisible = 0;
		};
		C963523A1B30780C001560EB /* Build configuration list for PBXNativeTarget "控制器的创建方式UITests" */ = {
			isa = XCConfigurationList;
			buildConfigurations = (
				C963523B1B30780C001560EB /* Debug */,
				C963523C1B30780C001560EB /* Release */,
			);
			defaultConfigurationIsVisible = 0;
		};
/* End XCConfigurationList section */
	};
	rootObject = C96351FF1B30780C001560EB /* Project object */;
}
